
Microsoft Visual Studio Solution File, Format Version 12.00
# Visual Studio 15
VisualStudioVersion = 15.0.28307.489
MinimumVisualStudioVersion = 10.0.40219.1
Project("{FAE04EC0-301F-11D3-BF4B-00C04F79EFBC}") = "Strategy", "Strategy\Strategy.csproj", "{7C9A3529-D727-491F-95B2-C19E15CD0347}"
EndProject
Global
	GlobalSection(SolutionConfigurationPlatforms) = preSolution
		Debug|Any CPU = Debug|Any CPU
		Release|Any CPU = Release|Any CPU
	EndGlobalSection
	GlobalSection(ProjectConfigurationPlatforms) = postSolution
		{7C9A3529-D727-491F-95B2-C19E15CD0347}.Debug|Any CPU.ActiveCfg = Debug|Any CPU
		{7C9A3529-D727-491F-95B2-C19E15CD0347}.Debug|Any CPU.Build.0 = Debug|Any CPU
		{7C9A3529-D727-491F-95B2-C19E15CD0347}.Release|Any CPU.ActiveCfg = Release|Any CPU
		{7C9A3529-D727-491F-95B2-C19E15CD0347}.Release|Any CPU.Build.0 = Release|Any CPU
	EndGlobalSection
	GlobalSection(SolutionProperties) = preSolution
		HideSolutionNode = FALSE
	EndGlobalSection
	GlobalSection(ExtensibilityGlobals) = postSolution
		SolutionGuid = {4313D758-1DA4-451A-B238-8F37361EADAA}
	EndGlobalSection
EndGlobal
